
Microsoft Visual Studio Solution File, Format Version 12.00
# Visual Studio Version 16
VisualStudioVersion = 16.0.29418.71
MinimumVisualStudioVersion = 10.0.40219.1
Project("{FAE04EC0-301F-11D3-BF4B-00C04F79EFBC}") = "SmartCalendarTIC", "SmartCalendarTIC\SmartCalendarTIC.csproj", "{FC82590C-9382-4FD6-A1D0-F3934E94D478}"
EndProject
Global
	GlobalSection(SolutionConfigurationPlatforms) = preSolution
		Debug|Any CPU = Debug|Any CPU
		Release|Any CPU = Release|Any CPU
	EndGlobalSection
	GlobalSection(ProjectConfigurationPlatforms) = postSolution
		{FC82590C-9382-4FD6-A1D0-F3934E94D478}.Debug|Any CPU.ActiveCfg = Debug|Any CPU
		{FC82590C-9382-4FD6-A1D0-F3934E94D478}.Debug|Any CPU.Build.0 = Debug|Any CPU
		{FC82590C-9382-4FD6-A1D0-F3934E94D478}.Release|Any CPU.ActiveCfg = Release|Any CPU
		{FC82590C-9382-4FD6-A1D0-F3934E94D478}.Release|Any CPU.Build.0 = Release|Any CPU
	EndGlobalSection
	GlobalSection(SolutionProperties) = preSolution
		HideSolutionNode = FALSE
	EndGlobalSection
	GlobalSection(ExtensibilityGlobals) = postSolution
		SolutionGuid = {0DE0503A-08FB-435E-A998-DDC6B2D47610}
	EndGlobalSection
EndGlobal
